
Microsoft Visual Studio Solution File, Format Version 12.00
# Visual Studio Version 17
VisualStudioVersion = 17.14.36518.9 d17.14
MinimumVisualStudioVersion = 10.0.40219.1
Project("{FAE04EC0-301F-11D3-BF4B-00C04F79EFBC}") = "NT106_Nhom12_Pro", "NT106_Nhom12_Pro.csproj", "{610753EB-7387-4921-A023-54C8DA7FC082}"
EndProject
Global
	GlobalSection(SolutionConfigurationPlatforms) = preSolution
		Debug|Any CPU = Debug|Any CPU
		Release|Any CPU = Release|Any CPU
	EndGlobalSection
	GlobalSection(ProjectConfigurationPlatforms) = postSolution
		{610753EB-7387-4921-A023-54C8DA7FC082}.Debug|Any CPU.ActiveCfg = Debug|Any CPU
		{610753EB-7387-4921-A023-54C8DA7FC082}.Debug|Any CPU.Build.0 = Debug|Any CPU
		{610753EB-7387-4921-A023-54C8DA7FC082}.Release|Any CPU.ActiveCfg = Release|Any CPU
		{610753EB-7387-4921-A023-54C8DA7FC082}.Release|Any CPU.Build.0 = Release|Any CPU
	EndGlobalSection
	GlobalSection(SolutionProperties) = preSolution
		HideSolutionNode = FALSE
	EndGlobalSection
	GlobalSection(ExtensibilityGlobals) = postSolution
		SolutionGuid = {C8B586D3-DB5B-4D67-AB93-A7D03DBCBF33}
	EndGlobalSection
EndGlobal
