
Microsoft Visual Studio Solution File, Format Version 12.00
# Visual Studio Version 17
VisualStudioVersion = 17.14.36518.9 d17.14
MinimumVisualStudioVersion = 10.0.40219.1
Project("{FAE04EC0-301F-11D3-BF4B-00C04F79EFBC}") = "NT106_Nhom12_Pro", "NT106_Nhom12_Pro.csproj", "{B0B7D8C0-2E34-4A4E-9F3C-2D2A8E5E1F90}"
EndProject
Global
	GlobalSection(SolutionConfigurationPlatforms) = preSolution
		Debug|Any CPU = Debug|Any CPU
		Release|Any CPU = Release|Any CPU
	EndGlobalSection
	GlobalSection(ProjectConfigurationPlatforms) = postSolution
		{B0B7D8C0-2E34-4A4E-9F3C-2D2A8E5E1F90}.Debug|Any CPU.ActiveCfg = Debug|Any CPU
		{B0B7D8C0-2E34-4A4E-9F3C-2D2A8E5E1F90}.Debug|Any CPU.Build.0 = Debug|Any CPU
		{B0B7D8C0-2E34-4A4E-9F3C-2D2A8E5E1F90}.Release|Any CPU.ActiveCfg = Release|Any CPU
		{B0B7D8C0-2E34-4A4E-9F3C-2D2A8E5E1F90}.Release|Any CPU.Build.0 = Release|Any CPU
	EndGlobalSection
	GlobalSection(SolutionProperties) = preSolution
		HideSolutionNode = FALSE
	EndGlobalSection
	GlobalSection(ExtensibilityGlobals) = postSolution
		SolutionGuid = {C89A90A2-E582-4D01-AC6F-5F7E8E2F5F27}
	EndGlobalSection
EndGlobal
